
Microsoft Visual Studio Solution File, Format Version 12.00
# Visual Studio 15
Project("{FAE04EC0-301F-11D3-BF4B-00C04F79EFBC}") = "AstarPathfindingProject", "AstarPathfindingProject.csproj", "{8FEDE42F-8E55-A25D-9692-7F7CD0A832F6}"
EndProject
Project("{FAE04EC0-301F-11D3-BF4B-00C04F79EFBC}") = "AstarPathfindingProjectEditor", "AstarPathfindingProjectEditor.csproj", "{571A5DEB-C5F5-063B-0E50-794DD05FF862}"
EndProject
Project("{FAE04EC0-301F-11D3-BF4B-00C04F79EFBC}") = "Assembly-CSharp", "Assembly-CSharp.csproj", "{31895EF1-C6F3-F285-4213-7CB3FEB31FDF}"
EndProject
Project("{FAE04EC0-301F-11D3-BF4B-00C04F79EFBC}") = "PackageToolsEditor", "PackageToolsEditor.csproj", "{CFE1AA7F-1924-416E-8A7E-9B701DEEE50E}"
EndProject
Global
	GlobalSection(SolutionConfigurationPlatforms) = preSolution
		Debug|Any CPU = Debug|Any CPU
		Release|Any CPU = Release|Any CPU
	EndGlobalSection
	GlobalSection(ProjectConfigurationPlatforms) = postSolution
		{8FEDE42F-8E55-A25D-9692-7F7CD0A832F6}.Debug|Any CPU.ActiveCfg = Debug|Any CPU
		{8FEDE42F-8E55-A25D-9692-7F7CD0A832F6}.Debug|Any CPU.Build.0 = Debug|Any CPU
		{8FEDE42F-8E55-A25D-9692-7F7CD0A832F6}.Release|Any CPU.ActiveCfg = Release|Any CPU
		{8FEDE42F-8E55-A25D-9692-7F7CD0A832F6}.Release|Any CPU.Build.0 = Release|Any CPU
		{571A5DEB-C5F5-063B-0E50-794DD05FF862}.Debug|Any CPU.ActiveCfg = Debug|Any CPU
		{571A5DEB-C5F5-063B-0E50-794DD05FF862}.Debug|Any CPU.Build.0 = Debug|Any CPU
		{571A5DEB-C5F5-063B-0E50-794DD05FF862}.Release|Any CPU.ActiveCfg = Release|Any CPU
		{571A5DEB-C5F5-063B-0E50-794DD05FF862}.Release|Any CPU.Build.0 = Release|Any CPU
		{31895EF1-C6F3-F285-4213-7CB3FEB31FDF}.Debug|Any CPU.ActiveCfg = Debug|Any CPU
		{31895EF1-C6F3-F285-4213-7CB3FEB31FDF}.Debug|Any CPU.Build.0 = Debug|Any CPU
		{31895EF1-C6F3-F285-4213-7CB3FEB31FDF}.Release|Any CPU.ActiveCfg = Release|Any CPU
		{31895EF1-C6F3-F285-4213-7CB3FEB31FDF}.Release|Any CPU.Build.0 = Release|Any CPU
		{CFE1AA7F-1924-416E-8A7E-9B701DEEE50E}.Debug|Any CPU.ActiveCfg = Debug|Any CPU
		{CFE1AA7F-1924-416E-8A7E-9B701DEEE50E}.Debug|Any CPU.Build.0 = Debug|Any CPU
		{CFE1AA7F-1924-416E-8A7E-9B701DEEE50E}.Release|Any CPU.ActiveCfg = Release|Any CPU
		{CFE1AA7F-1924-416E-8A7E-9B701DEEE50E}.Release|Any CPU.Build.0 = Release|Any CPU
	EndGlobalSection
	GlobalSection(SolutionProperties) = preSolution
		HideSolutionNode = FALSE
	EndGlobalSection
EndGlobal
